GIT
  remote: https://github.com/rails/rails.git
  revision: e168c98ca29d524440a431c0c17c5a8ed1097e56
  branch: main
  specs:
    actioncable (8.2.0.alpha)
      actionpack (= 8.2.0.alpha)
      activesupport (= 8.2.0.alpha)
      nio4r (~> 2.0)
      websocket-driver (>= 0.6.1)
      zeitwerk (~> 2.6)
    actionmailbox (8.2.0.alpha)
      actionpack (= 8.2.0.alpha)
      activejob (= 8.2.0.alpha)
      activerecord (= 8.2.0.alpha)
      activestorage (= 8.2.0.alpha)
      activesupport (= 8.2.0.alpha)
      mail (>= 2.8.0)
    actionmailer (8.2.0.alpha)
      actionpack (= 8.2.0.alpha)
      actionview (= 8.2.0.alpha)
      activejob (= 8.2.0.alpha)
      activesupport (= 8.2.0.alpha)
      mail (>= 2.8.0)
      rails-dom-testing (~> 2.2)
    actionpack (8.2.0.alpha)
      actionview (= 8.2.0.alpha)
      activesupport (= 8.2.0.alpha)
      nokogiri (>= 1.8.5)
      rack (>= 2.2.4)
      rack-session (>= 1.0.1)
      rack-test (>= 0.6.3)
      rails-dom-testing (~> 2.2)
      rails-html-sanitizer (~> 1.7)
      useragent (~> 0.16)
    actiontext (8.2.0.alpha)
      action_text-trix (~> 2.1.16)
      actionpack (= 8.2.0.alpha)
      activerecord (= 8.2.0.alpha)
      activestorage (= 8.2.0.alpha)
      activesupport (= 8.2.0.alpha)
      globalid (>= 0.6.0)
      nokogiri (>= 1.8.5)
    actionview (8.2.0.alpha)
      activesupport (= 8.2.0.alpha)
      builder (~> 3.1)
      erubi (~> 1.11)
      herb (>= 0.10)
      rails-dom-testing (~> 2.2)
      rails-html-sanitizer (~> 1.7)
    activejob (8.2.0.alpha)
      activesupport (= 8.2.0.alpha)
      globalid (>= 1.4.0)
    activemodel (8.2.0.alpha)
      activesupport (= 8.2.0.alpha)
    activerecord (8.2.0.alpha)
      activemodel (= 8.2.0.alpha)
      activesupport (= 8.2.0.alpha)
      timeout (>= 0.4.0)
    activestorage (8.2.0.alpha)
      actionpack (= 8.2.0.alpha)
      activejob (= 8.2.0.alpha)
      activerecord (= 8.2.0.alpha)
      activesupport (= 8.2.0.alpha)
      marcel (~> 2.0)
    activesupport (8.2.0.alpha)
      base64
      bigdecimal
      concurrent-ruby (~> 1.0, >= 1.3.1)
      connection_pool (>= 2.2.5)
      drb
      i18n (>= 1.6, < 2)
      json
      logger (>= 1.4.2)
      minitest (>= 5.1)
      psych (>= 4)
      ractor-dispatch (>= 0.3.0)
      securerandom (>= 0.3)
      tzinfo (~> 2.0, >= 2.0.5)
      uri (>= 0.13.1)
    rails (8.2.0.alpha)
      actioncable (= 8.2.0.alpha)
      actionmailbox (= 8.2.0.alpha)
      actionmailer (= 8.2.0.alpha)
      actionpack (= 8.2.0.alpha)
      actiontext (= 8.2.0.alpha)
      actionview (= 8.2.0.alpha)
      activejob (= 8.2.0.alpha)
      activemodel (= 8.2.0.alpha)
      activerecord (= 8.2.0.alpha)
      activestorage (= 8.2.0.alpha)
      activesupport (= 8.2.0.alpha)
      bundler (>= 1.15.0)
      railties (= 8.2.0.alpha)
    railties (8.2.0.alpha)
      actionpack (= 8.2.0.alpha)
      activesupport (= 8.2.0.alpha)
      irb (~> 1.13)
      rackup (>= 1.0.0)
      rake (>= 12.2)
      thor (~> 1.0, >= 1.2.2)
      tsort (>= 0.2)
      zeitwerk (~> 2.6)

PATH
  remote: vendor/simple_inference
  specs:
    simple_inference (0.2.0)

GEM
  remote: https://rubygems.org/
  specs:
    action_text-trix (2.1.19)
      railties
    addressable (2.9.0)
      public_suffix (>= 2.0.2, < 8.0)
    archspec (1.1.0)
      prism (>= 1.0)
      rubydex (~> 0.4.0)
    ast (2.4.3)
    async (2.46.0)
      console (~> 1.29)
      fiber-annotation
      io-event (~> 1.21)
    async-http (0.105.0)
      async (>= 2.35.1)
      async-pool (~> 0.12)
      io-endpoint (~> 0.18)
      io-stream (~> 0.14)
      protocol-http (~> 0.72)
      protocol-http1 (~> 0.41)
      protocol-http2 (~> 0.28)
      protocol-url (~> 0.2)
    async-pool (0.12.0)
      async (>= 2.0)
    base64 (0.3.0)
    bcrypt (3.1.22)
    bigdecimal (4.1.3)
    bindex (0.8.1)
    bootsnap (1.26.0)
      msgpack (~> 1.5)
    brakeman (8.1.0)
      racc
    builder (3.3.0)
    bundler-audit (0.9.3)
      bundler (>= 1.2.0)
      thor (~> 1.0)
    capybara (3.40.0)
      addressable
      matrix
      mini_mime (>= 0.1.3)
      nokogiri (~> 1.11)
      rack (>= 1.6.0)
      rack-test (>= 0.6.3)
      regexp_parser (>= 1.5, < 3.0)
      xpath (~> 3.2)
    childprocess (5.1.0)
      logger (~> 1.5)
    concurrent-ruby (1.3.8)
    connection_pool (3.0.2)
    console (1.38.0)
      fiber-annotation
      fiber-local (~> 1.1)
      json
    cppjieba_rb (0.4.4)
    crass (1.0.7)
    cssbundling-rails (1.4.3)
      railties (>= 6.0.0)
    date (3.5.1)
    debug (1.11.1)
      irb (~> 1.10)
      reline (>= 0.3.8)
    dotenv (3.2.0)
    dotenv-rails (3.2.0)
      dotenv (= 3.2.0)
      railties (>= 6.1)
    drb (2.2.3)
    erb (6.0.7)
    erubi (1.13.1)
    et-orbi (1.4.2)
      tzinfo
    ffi (1.17.4-aarch64-linux-gnu)
    ffi (1.17.4-aarch64-linux-musl)
    ffi (1.17.4-arm-linux-gnu)
    ffi (1.17.4-arm-linux-musl)
    ffi (1.17.4-arm64-darwin)
    ffi (1.17.4-x86_64-linux-gnu)
    ffi (1.17.4-x86_64-linux-musl)
    fiber-annotation (0.2.0)
    fiber-local (1.1.0)
      fiber-storage
    fiber-storage (1.0.1)
    fugit (1.14.0)
      et-orbi (~> 1.4)
      raabro (~> 1.4)
    globalid (1.4.0)
      activesupport (>= 6.1)
    herb (0.11.0-aarch64-linux-gnu)
    herb (0.11.0-aarch64-linux-musl)
    herb (0.11.0-arm-linux-gnu)
    herb (0.11.0-arm-linux-musl)
    herb (0.11.0-arm64-darwin)
    herb (0.11.0-x86_64-linux-gnu)
    herb (0.11.0-x86_64-linux-musl)
    http-2 (1.2.3)
    httpx (1.8.4)
      http-2 (>= 1.2.0)
    i18n (1.15.2)
      concurrent-ruby (~> 1.0)
    image_processing (2.2.0)
    io-console (0.9.4)
    io-endpoint (0.19.0)
      openssl (>= 3.3.0)
    io-event (1.22.1)
    io-stream (0.14.0)
      openssl (>= 3.3)
    irb (1.18.0)
      pp (>= 0.6.0)
      prism (>= 1.3.0)
      rdoc (>= 4.0.0)
      reline (>= 0.4.2)
    jsbundling-rails (1.3.1)
      railties (>= 6.0.0)
    json (3.0.2)
    language_server-protocol (3.17.0.6)
    launchy (3.1.1)
      addressable (~> 2.8)
      childprocess (~> 5.0)
      logger (~> 1.6)
    letter_opener (1.10.0)
      launchy (>= 2.2, < 4)
    libv8-node (24.12.0.1)
    libv8-node (24.12.0.1-aarch64-linux)
    libv8-node (24.12.0.1-aarch64-linux-musl)
    libv8-node (24.12.0.1-arm64-darwin)
    libv8-node (24.12.0.1-x86_64-linux)
    libv8-node (24.12.0.1-x86_64-linux-musl)
    lint_roller (1.1.0)
    logger (1.7.0)
    loofah (2.25.2)
      crass (~> 1.0.2)
      nokogiri (>= 1.12.0)
    mail (2.9.1)
      logger
      mini_mime (>= 0.1.1)
      net-imap
      net-pop
      net-smtp
    marcel (2.1.0)
    matrix (0.4.3)
    mini_mime (1.1.5)
    mini_racer (0.22.1)
      libv8-node (~> 24.12.0.1)
    minitest (6.0.6)
      drb (~> 2.0)
      prism (~> 1.5)
    minitest-mock (5.27.0)
    msgpack (1.8.5)
    net-imap (0.6.7)
      date
      net-protocol
    net-pop (0.1.2)
      net-protocol
    net-protocol (0.4.0)
      timeout
    net-smtp (0.5.2)
      net-protocol
    nio4r (2.7.5)
    nokogiri (1.19.4-aarch64-linux-gnu)
      racc (~> 1.4)
    nokogiri (1.19.4-aarch64-linux-musl)
      racc (~> 1.4)
    nokogiri (1.19.4-arm-linux-gnu)
      racc (~> 1.4)
    nokogiri (1.19.4-arm-linux-musl)
      racc (~> 1.4)
    nokogiri (1.19.4-arm64-darwin)
      racc (~> 1.4)
    nokogiri (1.19.4-x86_64-linux-gnu)
      racc (~> 1.4)
    nokogiri (1.19.4-x86_64-linux-musl)
      racc (~> 1.4)
    openssl (4.0.2)
    pagy (43.6.3)
      json
      uri
      yaml
    parallel (2.2.0)
    parser (3.3.12.0)
      ast (~> 2.4.1)
      racc
    pg (1.6.3)
    pg (1.6.3-aarch64-linux)
    pg (1.6.3-aarch64-linux-musl)
    pg (1.6.3-arm64-darwin)
    pg (1.6.3-x86_64-linux)
    pg (1.6.3-x86_64-linux-musl)
    pp (0.6.4)
      prettyprint
    prettyprint (0.2.0)
    prism (1.9.0)
    propshaft (1.3.2)
      actionpack (>= 7.0.0)
      activesupport (>= 7.0.0)
      rack
    protocol-hpack (1.5.1)
    protocol-http (0.72.0)
    protocol-http1 (0.41.0)
      protocol-http (~> 0.68)
    protocol-http2 (0.29.1)
      protocol-hpack (~> 1.4)
      protocol-http (~> 0.62)
    protocol-url (0.19.0)
    psych (5.5.0)
      date
      stringio
    public_suffix (7.0.5)
    puma (8.0.2)
      nio4r (~> 2.0)
    raabro (1.5.0)
    racc (1.8.1)
    rack (3.2.7)
    rack-session (2.1.2)
      base64 (>= 0.1.0)
      rack (>= 3.0.0)
    rack-test (2.2.0)
      rack (>= 1.3)
    rackup (2.3.1)
      rack (>= 3)
    ractor-dispatch (0.3.0)
    rails-dom-testing (2.3.0)
      activesupport (>= 5.0.0)
      minitest
      nokogiri (>= 1.6)
    rails-html-sanitizer (1.7.1)
      loofah (~> 2.25, >= 2.25.2)
      nokogiri (>= 1.15.7, != 1.16.7, != 1.16.6, != 1.16.5, != 1.16.4, != 1.16.3, != 1.16.2, != 1.16.1, != 1.16.0.rc1, != 1.16.0)
    rails-i18n (8.1.0)
      i18n (>= 0.7, < 2)
      railties (>= 8.0.0, < 9)
    rainbow (3.1.1)
    rake (13.4.2)
    rake-compiler-dock (1.12.0)
    rb_sys (0.9.130)
      rake-compiler-dock (= 1.12.0)
    rbs (4.2.0)
      logger
      prism (>= 1.6.0)
      tsort
    rdoc (8.1.0)
      erb
      prism (>= 1.6.0)
      rbs (>= 4.0.0)
      tsort
    regexp_parser (2.13.1)
    reline (0.7.0)
      io-console (~> 0.5)
    rubocop (1.91.0)
      json (>= 2.3)
      language_server-protocol (~> 3.17.0.2)
      lint_roller (~> 1.1.0)
      parallel (>= 1.10)
      parser (>= 3.3.0.2)
      rainbow (>= 2.2.2, < 4.0)
      regexp_parser (>= 2.9.3, < 3.0)
      rubocop-ast (>= 1.49.0, < 2.0)
      ruby-progressbar (~> 1.7)
      unicode-display_width (>= 2.4.0, < 4.0)
    rubocop-ast (1.50.0)
      parser (>= 3.3.7.2)
      prism (~> 1.7)
    rubocop-performance (1.27.0)
      lint_roller (~> 1.1)
      rubocop (>= 1.89.0, < 2.0)
      rubocop-ast (>= 1.47.1, < 2.0)
    rubocop-rails (2.38.0)
      activesupport (>= 4.2.0)
      lint_roller (~> 1.1)
      rack (>= 1.1)
      rubocop (>= 1.89.0, < 2.0)
      rubocop-ast (>= 1.44.0, < 2.0)
    rubocop-rails-omakase (1.1.0)
      rubocop (>= 1.72)
      rubocop-performance (>= 1.24)
      rubocop-rails (>= 2.30)
    ruby-progressbar (1.13.0)
    ruby-vips (2.3.0)
      ffi (~> 1.12)
      logger
    rubydex (0.4.1)
    rubydex (0.4.1-aarch64-linux)
    rubydex (0.4.1-arm64-darwin)
    rubydex (0.4.1-x86_64-linux)
    rubyzip (3.7.0)
    securerandom (0.4.1)
    selenium-webdriver (4.50.0)
      base64 (~> 0.2)
      logger (~> 1.4)
      rubyzip (>= 1.2.2, < 4.0)
      websocket (~> 1.0)
    simplecov (1.3.2)
    solid_cable (4.1.0)
      actioncable (>= 7.2)
      activejob (>= 7.2)
      activerecord (>= 7.2)
      railties (>= 7.2)
    solid_cache (1.0.10)
      activejob (>= 7.2)
      activerecord (>= 7.2)
      railties (>= 7.2)
    solid_queue (1.7.0)
      activejob (>= 7.1)
      activerecord (>= 7.1)
      concurrent-ruby (>= 1.3.1)
      fugit (~> 1.11)
      railties (>= 7.1)
      thor (>= 1.3.1)
    stimulus-rails (1.3.4)
      railties (>= 6.0.0)
    stringio (3.2.0)
    thor (1.5.0)
    thruster (0.1.26)
    thruster (0.1.26-aarch64-linux)
    thruster (0.1.26-arm64-darwin)
    thruster (0.1.26-x86_64-linux)
    tiktoken_ruby (0.0.17-aarch64-linux)
    tiktoken_ruby (0.0.17-aarch64-linux-musl)
    tiktoken_ruby (0.0.17-arm-linux)
    tiktoken_ruby (0.0.17-arm64-darwin)
    tiktoken_ruby (0.0.17-x86_64-linux)
    tiktoken_ruby (0.0.17-x86_64-linux-musl)
    timeout (0.6.1)
    tokenizers (0.7.0)
      rb_sys
    tokenizers (0.7.0-aarch64-linux)
    tokenizers (0.7.0-aarch64-linux-musl)
    tokenizers (0.7.0-arm64-darwin)
    tokenizers (0.7.0-x86_64-linux)
    tokenizers (0.7.0-x86_64-linux-musl)
    tsort (0.2.0)
    turbo-rails (2.0.23)
      actionpack (>= 7.1.0)
      railties (>= 7.1.0)
    tzinfo (2.0.6)
      concurrent-ruby (~> 1.0)
    unicode-display_width (3.3.0)
      unicode-emoji (~> 4.3)
    unicode-emoji (4.3.0)
    uri (1.1.1)
    useragent (0.16.11)
    web-console (4.3.0)
      actionview (>= 8.0.0)
      bindex (>= 0.4.0)
      railties (>= 8.0.0)
    websocket (1.2.11)
    websocket-driver (0.8.2)
      base64
      websocket-extensions (>= 0.1.0)
    websocket-extensions (0.1.5)
    with_advisory_lock (7.6.0)
      activerecord (>= 7.2)
    xpath (3.2.0)
      nokogiri (~> 1.8)
    yaml (0.4.0)
    zeitwerk (2.8.3)

PLATFORMS
  aarch64-linux
  aarch64-linux-gnu
  aarch64-linux-musl
  arm-linux-gnu
  arm-linux-musl
  arm64-darwin
  x86_64-linux
  x86_64-linux-gnu
  x86_64-linux-musl

DEPENDENCIES
  archspec
  async
  async-http
  bcrypt (~> 3.1.7)
  bootsnap (>= 1.24.1)
  brakeman
  bundler-audit
  capybara
  cppjieba_rb (= 0.4.4)
  cssbundling-rails
  debug
  dotenv-rails
  httpx
  image_processing (~> 2.0)
  jsbundling-rails
  letter_opener
  marcel
  mini_racer (~> 0.20)
  minitest-mock
  pagy
  pg (~> 1.1)
  propshaft
  puma (>= 7.1)
  rails!
  rails-i18n
  rubocop-rails-omakase
  ruby-vips (~> 2.3)
  selenium-webdriver
  simple_inference!
  simplecov
  solid_cable
  solid_cache
  solid_queue
  stimulus-rails
  thruster
  tiktoken_ruby
  tokenizers
  turbo-rails
  tzinfo-data
  web-console
  with_advisory_lock

CHECKSUMS
  action_text-trix (2.1.19) sha256=7012f59421009cf284aa651294896414d653a61a2417c9b8714c8476d2f74009
  actioncable (8.2.0.alpha)
  actionmailbox (8.2.0.alpha)
  actionmailer (8.2.0.alpha)
  actionpack (8.2.0.alpha)
  actiontext (8.2.0.alpha)
  actionview (8.2.0.alpha)
  activejob (8.2.0.alpha)
  activemodel (8.2.0.alpha)
  activerecord (8.2.0.alpha)
  activestorage (8.2.0.alpha)
  activesupport (8.2.0.alpha)
  addressable (2.9.0) sha256=7fdf6ac3660f7f4e867a0838be3f6cf722ace541dd97767fa42bc6cfa980c7af
  archspec (1.1.0) sha256=861d4869c81617139ea9e42e6de1456ba00d0538f3994476073829de223a754d
  ast (2.4.3) sha256=954615157c1d6a382bc27d690d973195e79db7f55e9765ac7c481c60bdb4d383
  async (2.46.0) sha256=34f984733dbf63a997376346451ec995e858cacc3105e86ccfeaf8877b4f490b
  async-http (0.105.0) sha256=55191969d5cf61be5fbc2e0aadd51d77085318ba192a5ff5e12e3aba0826906a
  async-pool (0.12.0) sha256=5580493dc024bd704dab2ed0bf1307100722e49cbb825c7965f8501194f58506
  base64 (0.3.0) sha256=27337aeabad6ffae05c265c450490628ef3ebd4b67be58257393227588f5a97b
  bcrypt (3.1.22) sha256=1f0072e88c2d705d94aff7f2c5cb02eb3f1ec4b8368671e19112527489f29032
  bigdecimal (4.1.3) sha256=61ebe1e5e559bdc3cc6f2c0ee7f427321fc838f59611c294356eb04d6e21cf66
  bindex (0.8.1) sha256=7b1ecc9dc539ed8bccfc8cb4d2732046227b09d6f37582ff12e50a5047ceb17e
  bootsnap (1.26.0) sha256=ca96237015e6cd74a02963d5821cf00ac5ea134653b323e8cd6d702a7718bf1b
  brakeman (8.1.0) sha256=cfa9e5214e4925842f4bc849a64f8a7e6c5d0425fe98eac8d7b7bc60fdc17e07
  builder (3.3.0) sha256=497918d2f9dca528fdca4b88d84e4ef4387256d984b8154e9d5d3fe5a9c8835f
  bundler-audit (0.9.3) sha256=81c8766c71e47d0d28a0f98c7eed028539f21a6ea3cd8f685eb6f42333c9b4e9
  capybara (3.40.0) sha256=42dba720578ea1ca65fd7a41d163dd368502c191804558f6e0f71b391054aeef
  childprocess (5.1.0) sha256=9a8d484be2fd4096a0e90a0cd3e449a05bc3aa33f8ac9e4d6dcef6ac1455b6ec
  concurrent-ruby (1.3.8) sha256=b2f1be836e968ccc78ccfce277ea79c72a88633f22306782c16ff23fb415d1e1
  connection_pool (3.0.2) sha256=33fff5ba71a12d2aa26cb72b1db8bba2a1a01823559fb01d29eb74c286e62e0a
  console (1.38.0) sha256=35b82f59130e95e9be6b832d9e539c8b3988fc192e4a8e9a86ab4922f44ad5de
  cppjieba_rb (0.4.4) sha256=319a7ab57b6ec28a8d1b223487ecd114432f1930d7740db2f99c1991e6c8faaf
  crass (1.0.7) sha256=94868719948664c89ddcaf0a37c65048413dfcb1c869470a5f7a7ceb5390b295
  cssbundling-rails (1.4.3) sha256=53aecd5a7d24ac9c8fcd92975acd0e830fead4ee4583d3d3d49bb64651946e41
  date (3.5.1) sha256=750d06384d7b9c15d562c76291407d89e368dda4d4fff957eb94962d325a0dc0
  debug (1.11.1) sha256=2e0b0ac6119f2207a6f8ac7d4a73ca8eb4e440f64da0a3136c30343146e952b6
  dotenv (3.2.0) sha256=e375b83121ea7ca4ce20f214740076129ab8514cd81378161f11c03853fe619d
  dotenv-rails (3.2.0) sha256=657e25554ba622ffc95d8c4f1670286510f47f2edda9f68293c3f661b303beab
  drb (2.2.3) sha256=0b00d6fdb50995fe4a45dea13663493c841112e4068656854646f418fda13373
  erb (6.0.7) sha256=c5ca6dc25b0ef974a44dc8f59fe847577122483b1968a38dec305c60bf91ee92
  erubi (1.13.1) sha256=a082103b0885dbc5ecf1172fede897f9ebdb745a4b97a5e8dc63953db1ee4ad9
  et-orbi (1.4.2) sha256=bb555dae668419cb24caa2a293a170e58be6d4df1e017c51f5030bdc133cd20c
  ffi (1.17.4-aarch64-linux-gnu) sha256=b208f06f91ffd8f5e1193da3cae3d2ccfc27fc36fba577baf698d26d91c080df
  ffi (1.17.4-aarch64-linux-musl) sha256=9286b7a615f2676245283aef0a0a3b475ae3aae2bb5448baace630bb77b91f39
  ffi (1.17.4-arm-linux-gnu) sha256=d6dbddf7cb77bf955411af5f187a65b8cd378cb003c15c05697f5feee1cb1564
  ffi (1.17.4-arm-linux-musl) sha256=9d4838ded0465bef6e2426935f6bcc93134b6616785a84ffd2a3d82bc3cf6f95
  ffi (1.17.4-arm64-darwin) sha256=19071aaf1419251b0a46852abf960e77330a3b334d13a4ab51d58b31a937001b
  ffi (1.17.4-x86_64-linux-gnu) sha256=9d3db14c2eae074b382fa9c083fe95aec6e0a1451da249eab096c34002bc752d
  ffi (1.17.4-x86_64-linux-musl) sha256=3fdf9888483de005f8ef8d1cf2d3b20d86626af206cbf780f6a6a12439a9c49e
  fiber-annotation (0.2.0) sha256=7abfadf1d119f508867d4103bf231c0354d019cc39a5738945dec2edadaf6c03
  fiber-local (1.1.0) sha256=c885f94f210fb9b05737de65d511136ea602e00c5105953748aa0f8793489f06
  fiber-storage (1.0.1) sha256=f48e5b6d8b0be96dac486332b55cee82240057065dc761c1ea692b2e719240e1
  fugit (1.14.0) sha256=e311a9cc85a54bb67649df45060e721282a1e2c8ebad40e41874a3a7d576f37e
  globalid (1.4.0) sha256=037f12fbf1d9d7a014d501c2d5c77356fd4ddd96d7a7991d6700bba96706f427
  herb (0.11.0-aarch64-linux-gnu) sha256=7d8244655bb99a50b2d52ea13408c2a76b3fbd70bcca8ccee4229d3e1902bb0b
  herb (0.11.0-aarch64-linux-musl) sha256=8b19e8ce70cae1a016468cd6c3a88a051e47fd68f3f8b1bd3ffb751a62109982
  herb (0.11.0-arm-linux-gnu) sha256=8fd8e3c4d45c3b6bc8a2b7f056ac4bf961cfb03407fef26f7e1d5ef69406bf5d
  herb (0.11.0-arm-linux-musl) sha256=0ac4e441389d8e67ef1afcabdb1bff94f5b7cd1c2811159647f61fc7bc241f8d
  herb (0.11.0-arm64-darwin) sha256=8972ac3e5a7ee7296a89d78fceb40d8fb85c3ea8d40c9781a9c8db3e58194501
  herb (0.11.0-x86_64-linux-gnu) sha256=aba19094bc1618e1bc0fb59db52ba251c93a24598f5228815616b282f10bb8a0
  herb (0.11.0-x86_64-linux-musl) sha256=e27a08fe72304c8043e851b568ed30eaa45f06b5333d151939a7834e936c01aa
  http-2 (1.2.3) sha256=f4e3a7000e9a8ab97595f09eac44c6ec10a2aa438360758124df0ca5bcb280d4
  httpx (1.8.4) sha256=1782ecde81eb4e961ad8735ec74a6fec8e60efeaa4592c6b2f55d72e19aaeca8
  i18n (1.15.2) sha256=00f9eb62412fe593b2a65a97daa75300d37abb8f7202ec748e94b6d46a9dd1b5
  image_processing (2.2.0) sha256=e0cb9892a4395ac2b7bb2fac5c6f5bc63361f2f18ed08773e21fce5b111c6974
  io-console (0.9.4) sha256=a403304f32928ee85e56d457b4612ca43f2703b561a3258844992bd24085fbb1
  io-endpoint (0.19.0) sha256=547aaefe9a78bc57fe25f9f7661b460395ebdfda506f70fdf4cc71d2ae5ca578
  io-event (1.22.1) sha256=0dd054cefe4a29f1b8286604f332c14f3208d75f54902961e91e94d45e5e1600
  io-stream (0.14.0) sha256=07d9b13ea2066ccbbc761fff8d69ad5a31e47561d31e02cc271f3ed9c1a8f1cd
  irb (1.18.0) sha256=de9454a0703a54704b9811a5ef31a60c86949fbf4013fcf244fabc7c775248e3
  jsbundling-rails (1.3.1) sha256=0fa03f6d051c694cbf55a022d8be53399879f2c4cf38b2968f86379c62b1c2ca
  json (3.0.2) sha256=8e6d7e7b11384c21230430cef90b71f14849a34a1f4452796670f7c981bd19df
  language_server-protocol (3.17.0.6) sha256=5ef2c0c138f8267e1bc631d3328347d354f96724b0af22f2c79516120443b7f0
  launchy (3.1.1) sha256=72b847b5cc961589dde2c395af0108c86ff0119f42d4648d25b5440ebb10059e
  letter_opener (1.10.0) sha256=2ff33f2e3b5c3c26d1959be54b395c086ca6d44826e8bf41a14ff96fdf1bdbb2
  libv8-node (24.12.0.1) sha256=d93d23b861bfe5de3ba829e34a142402fb83b4c3592dd58d9ac4e027588d739a
  libv8-node (24.12.0.1-aarch64-linux) sha256=22bd0246cde85d70c88cf772727ac3677a20ac1d169105f82efe5f1f7c39f755
  libv8-node (24.12.0.1-aarch64-linux-musl) sha256=791b5960f79525e87d1bd1e5f2bf3715ef2a38bac6c97f297853e98a8411ba89
  libv8-node (24.12.0.1-arm64-darwin) sha256=124904a46b4a15c01ac024b4cf537dcf199cfb49a309cc59f66315e156e48339
  libv8-node (24.12.0.1-x86_64-linux) sha256=e1236be4765edc109bd6ecef2989cf781bdcbac6f6e2cb3236ec9568540a9cfa
  libv8-node (24.12.0.1-x86_64-linux-musl) sha256=7563175534c40893815bfd28e8fe27e12ff1656700c7208f53de06d14001712b
  lint_roller (1.1.0) sha256=2c0c845b632a7d172cb849cc90c1bce937a28c5c8ccccb50dfd46a485003cc87
  logger (1.7.0) sha256=196edec7cc44b66cfb40f9755ce11b392f21f7967696af15d274dde7edff0203
  loofah (2.25.2) sha256=2007f746959ac65552456e04b433e83deb22759ab38c838b4445c70e43425918
  mail (2.9.1) sha256=06574eca475253d6c18145dd70af80d0eb970182d55053497c5f4d797ea160e8
  marcel (2.1.0) sha256=f8b0327111dc7e516331eeefe052e981ce50e2bd826c1042a53cdf047fcc3512
  matrix (0.4.3) sha256=a0d5ab7ddcc1973ff690ab361b67f359acbb16958d1dc072b8b956a286564c5b
  mini_mime (1.1.5) sha256=8681b7e2e4215f2a159f9400b5816d85e9d8c6c6b491e96a12797e798f8bccef
  mini_racer (0.22.1) sha256=c0a7baa4035fe57488bf9856bdafb657c99997cbe0441b1838cfd886fe21518a
  minitest (6.0.6) sha256=153ea36d1d987a62942382b61075745042a2b3123b1cd48f4c3675af9cc7d6f1
  minitest-mock (5.27.0) sha256=7040ed7185417a966920987eaa6eaf1be4ea1fc5b25bb03ff4703f98564a55b0
  msgpack (1.8.5) sha256=97419eaa7b35dfe3e462c0e6c1a3dfdcbfc8756605c09e46e4c6daef127517ba
  net-imap (0.6.7) sha256=b5c9573be975d856de252ee851871724da66aa2d449b2482d5690bd12bc23660
  net-pop (0.1.2) sha256=848b4e982013c15b2f0382792268763b748cce91c9e91e36b0f27ed26420dff3
  net-protocol (0.4.0) sha256=f9f90c8c6f64794a45160bf422177a336db12809de3beeeaa26b88fcd2e8c853
  net-smtp (0.5.2) sha256=35103cc04d6b2d94632f9928ede07483c24b70b9c0db1f231fea43909b678f3c
  nio4r (2.7.5) sha256=6c90168e48fb5f8e768419c93abb94ba2b892a1d0602cb06eef16d8b7df1dca1
  nokogiri (1.19.4-aarch64-linux-gnu) sha256=1269fb644a6de405057a53dd5c762b1209b43ca7424f839454d3dbc677c31a8f
  nokogiri (1.19.4-aarch64-linux-musl) sha256=35c65b9ce72b3bb03207bdbe7067915019dc18c1b9b59139684bd6690fdd01af
  nokogiri (1.19.4-arm-linux-gnu) sha256=a301313e38bb065d68239e79734bcd6f56fb6efaacebde29e9abf2a4735340ca
  nokogiri (1.19.4-arm-linux-musl) sha256=588923c101bcfa78869734d247d25b598674323e7f22474fc468f6e5647311eb
  nokogiri (1.19.4-arm64-darwin) sha256=a46db9853286e6597b36ebc6953817d15acf3a299583eb3f89fdc6f91dd63527
  nokogiri (1.19.4-x86_64-linux-gnu) sha256=379fae440b28915e3f19d752ce2dcf8465ed2b2fbefd2a7ca0dd497bc981a06a
  nokogiri (1.19.4-x86_64-linux-musl) sha256=17dfb7c1fa194ae02fbf7c51a7afc8d278045ab3fdacfd86f91d02d7b274470b
  openssl (4.0.2) sha256=1037ad2868ae58df9ad917891c0c0f9815a1172f6846d4bcdd508e4c2ee747c2
  pagy (43.6.3) sha256=3b7cd5b5b08e975b85cb48c1e7b729d90125a46c9ac14bd830fde1a8c6719a85
  parallel (2.2.0) sha256=e1059c5fd7b649558a0aec38a769f06a42942bdb40503d005a59c352fe011cd8
  parser (3.3.12.0) sha256=21a6d7f755d5a24dfbdc6e6b772e4e879a52e7631a88bc5a3a134606052c9828
  pg (1.6.3) sha256=1388d0563e13d2758c1089e35e973a3249e955c659592d10e5b77c468f628a99
  pg (1.6.3-aarch64-linux) sha256=0698ad563e02383c27510b76bf7d4cd2de19cd1d16a5013f375dd473e4be72ea
  pg (1.6.3-aarch64-linux-musl) sha256=06a75f4ea04b05140146f2a10550b8e0d9f006a79cdaf8b5b130cde40e3ecc2c
  pg (1.6.3-arm64-darwin) sha256=7240330b572e6355d7c75a7de535edb5dfcbd6295d9c7777df4d9dddfb8c0e5f
  pg (1.6.3-x86_64-linux) sha256=5d9e188c8f7a0295d162b7b88a768d8452a899977d44f3274d1946d67920ae8d
  pg (1.6.3-x86_64-linux-musl) sha256=9c9c90d98c72f78eb04c0f55e9618fe55d1512128e411035fe229ff427864009
  pp (0.6.4) sha256=dfcb0fce700c41456265922884f9fe195d7fbb0674a3578e6c0f69588e82b570
  prettyprint (0.2.0) sha256=2bc9e15581a94742064a3cc8b0fb9d45aae3d03a1baa6ef80922627a0766f193
  prism (1.9.0) sha256=7b530c6a9f92c24300014919c9dcbc055bf4cdf51ec30aed099b06cd6674ef85
  propshaft (1.3.2) sha256=1d56a3e56a92c21bfc29caf07406b5386b00d4c47ddf357cf989a5a234b1389e
  protocol-hpack (1.5.1) sha256=6feca238b8078da1cd295677d6f306c6001af92d75fe0643d33e6956cbc3ad91
  protocol-http (0.72.0) sha256=b153474785979495b9f2df78f0fdc2e02edc7e92c1f7ea00425eed73bd02194c
  protocol-http1 (0.41.0) sha256=9863874a1228948a896c3e7ea16d13a680c8f3ed50706007c78b7033018b0ea3
  protocol-http2 (0.29.1) sha256=3f4ee667b5730b7d05c70d3771bd5d5cdbb31beedaa9d05f2bdac68c9c984d19
  protocol-url (0.19.0) sha256=3f6b9f6aa742a259a0b3610fbbd9685dcd9506adf6734f428ff96259faabfb21
  psych (5.5.0) sha256=4b245bbbd0f3238df8ccee766ebc1a6b062b10e4ee1d3284eb588739ba156a0a
  public_suffix (7.0.5) sha256=1a8bb08f1bbea19228d3bed6e5ed908d1cb4f7c2726d18bd9cadf60bc676f623
  puma (8.0.2) sha256=c8ed871dfbbe66448ea9ffd46692342d9804d4071522b52b5331b7b6e7b686fb
  raabro (1.5.0) sha256=3f998a7bc84f9c84df3ab580634d2e0a5bda4f0841168d56035f529c9877440a
  racc (1.8.1) sha256=4a7f6929691dbec8b5209a0b373bc2614882b55fc5d2e447a21aaa691303d62f
  rack (3.2.7) sha256=93e13e1c24f93556671d85d2d79fa228c3485815c50d7e2f265b5330c6528fb7
  rack-session (2.1.2) sha256=595434f8c0c3473ae7d7ac56ecda6cc6dfd9d37c0b2b5255330aa1576967ffe8
  rack-test (2.2.0) sha256=005a36692c306ac0b4a9350355ee080fd09ddef1148a5f8b2ac636c720f5c463
  rackup (2.3.1) sha256=6c79c26753778e90983761d677a48937ee3192b3ffef6bc963c0950f94688868
  ractor-dispatch (0.3.0) sha256=cd2d46743303e00fe500df168b4dde85080160fd9f04539cada4b4dd5e588f68
  rails (8.2.0.alpha)
  rails-dom-testing (2.3.0) sha256=8acc7953a7b911ca44588bf08737bc16719f431a1cc3091a292bca7317925c1d
  rails-html-sanitizer (1.7.1) sha256=e797a7c9b01e567307e317c576b49ab4168017e63eea4dba9ce3cb587e2f22c2
  rails-i18n (8.1.0) sha256=52d5fd6c0abef28d84223cc05647f6ae0fd552637a1ede92deee9545755b6cf3
  railties (8.2.0.alpha)
  rainbow (3.1.1) sha256=039491aa3a89f42efa1d6dec2fc4e62ede96eb6acd95e52f1ad581182b79bc6a
  rake (13.4.2) sha256=cb825b2bd5f1f8e91ca37bddb4b9aaf345551b4731da62949be002fa89283701
  rake-compiler-dock (1.12.0) sha256=f13205c2738f3d2053afcd03491a9e4541b22a59a0bfc53fc8bc883bd8188023
  rb_sys (0.9.130) sha256=7d486d99c1da02635515deaf9860fc5aea90bb4ab2589b2deec7fdc7d3548615
  rbs (4.2.0) sha256=51f7b886dcc05bc09e10b901daa6a81829f6adc03101d6ca9ea4aac6103e0674
  rdoc (8.1.0) sha256=befc37880a5cfd36dcb176c748b5fd5ee39dd3536a75e81824e4972ce230f60a
  regexp_parser (2.13.1) sha256=5aedb6b7c35688f51e86eef17a15374dfd287c83f4ca644b2c5f3ec50a33b44b
  reline (0.7.0) sha256=5b012d8e55dbf9d450f12bde2cf7d15ff546ae80b3f8f3b30e570d431815583d
  rubocop (1.91.0) sha256=9c82b7bf391c5d7e3798c5b9996e22a1fe3bd7468e351dfdeb96140c058296d0
  rubocop-ast (1.50.0) sha256=b9ca88300da0803ee222ad20cdb30494c0a784eed06fdc35d254b06d662788db
  rubocop-performance (1.27.0) sha256=eeeb1374d062a368ee1c787b70eb0b0cc4b184cb1f8565f424760946146d61ce
  rubocop-rails (2.38.0) sha256=6e2b7c532efa95e3050371bec20b8f5b025662acead8bc70ee31f0e3e6fa2f06
  rubocop-rails-omakase (1.1.0) sha256=2af73ac8ee5852de2919abbd2618af9c15c19b512c4cfc1f9a5d3b6ef009109d
  ruby-progressbar (1.13.0) sha256=80fc9c47a9b640d6834e0dc7b3c94c9df37f08cb072b7761e4a71e22cff29b33
  ruby-vips (2.3.0) sha256=e685ec02c13969912debbd98019e50492e12989282da5f37d05f5471442f5374
  rubydex (0.4.1) sha256=9856af8bfbe656eed95449dd9e2c8239a74662b4bb8563e4b99221dbc065a34a
  rubydex (0.4.1-aarch64-linux) sha256=abc1c9eb22479f60dd015fa81373163c5a71f2700b76bced1282631686bd6271
  rubydex (0.4.1-arm64-darwin) sha256=d23720253876d88fb98954e5d3a1ef9696a269697acf50e3ab53cdfbb2b66b96
  rubydex (0.4.1-x86_64-linux) sha256=4e2c8398c9fc585485b54edd28f5ecf76b5a02255e177b6f8402e9d2afffd51b
  rubyzip (3.7.0) sha256=65c19294da75297a939006f3516deacc33185fbd721ff1954f7a231db6d3e121
  securerandom (0.4.1) sha256=cc5193d414a4341b6e225f0cb4446aceca8e50d5e1888743fac16987638ea0b1
  selenium-webdriver (4.50.0) sha256=d12f94025bc33af44428ed6b8def4896a7bb9c4521212579241650d6cb060fcb
  simple_inference (0.2.0)
  simplecov (1.3.2) sha256=2a22ec1759f1b8db60881a2e038758956fc69ef93ed669be0bde0678de6d0e85
  solid_cable (4.1.0) sha256=828e3d509207b82b4f05f4e9c85f696994710679b52d511aa7f97ebd212d3226
  solid_cache (1.0.10) sha256=bc05a2fb3ac78a6f43cbb5946679cf9db67dd30d22939ededc385cb93e120d41
  solid_queue (1.7.0) sha256=6566b70b801d1c317c81bba7bcdd5677c019afac584a30374b4164002ca356d3
  stimulus-rails (1.3.4) sha256=765676ffa1f33af64ce026d26b48e8ffb2e0b94e0f50e9119e11d6107d67cb06
  stringio (3.2.0) sha256=c37cb2e58b4ffbd33fe5cd948c05934af997b36e0b6ca6fdf43afa234cf222e1
  thor (1.5.0) sha256=e3a9e55fe857e44859ce104a84675ab6e8cd59c650a49106a05f55f136425e73
  thruster (0.1.26) sha256=6e45e807086b29d51404841bd1ad493b67cd95892fd65dc5afcdd32e82e94ce8
  thruster (0.1.26-aarch64-linux) sha256=2171cb34928c0250830008f535c4ab2ee57846cc3f5d3e96c3475f7b3de7a541
  thruster (0.1.26-arm64-darwin) sha256=40676164c433abf31313422305d9e9e9210cf941b1befad88e2428b3b8dcc36c
  thruster (0.1.26-x86_64-linux) sha256=3117a6ee430663f845a0457699fe9a05232dcc6c396e2cc83504de5a223c60e8
  tiktoken_ruby (0.0.17-aarch64-linux) sha256=73c1b3065e3356274ff7f9f612b80531029d59c6474f6a73c8bae913cd3fd731
  tiktoken_ruby (0.0.17-aarch64-linux-musl) sha256=038e114be72b2cbd9db2e3555a9a153e0638183447cfde9b1561775b7c4119d4
  tiktoken_ruby (0.0.17-arm-linux) sha256=82d00547263b3a9ec3f3cb4c918fa0fe472e57ec0bdc65d17f60a52ad402ba2a
  tiktoken_ruby (0.0.17-arm64-darwin) sha256=3e76e75218864f7315f83969533ddbe3eb0b927c357bd747acd156412ed6c2e9
  tiktoken_ruby (0.0.17-x86_64-linux) sha256=c5bfe3067b0d0776028be2112a18f9031d69ed250427a575a4a0b51a0507906b
  tiktoken_ruby (0.0.17-x86_64-linux-musl) sha256=d5dbae406a95a93cbf638f2a45aed9e71dea7eb987526df0474cf5db33b35de6
  timeout (0.6.1) sha256=78f57368a7e7bbadec56971f78a3f5ecbcfb59b7fcbb0a3ed6ddc08a5094accb
  tokenizers (0.7.0) sha256=9c2160d1c314fe224ebcf5a0bfd54951b9138681aa30cf3df900abf570ba1869
  tokenizers (0.7.0-aarch64-linux) sha256=c7cc43f4144d02e8db3a7d743725e38144f357d3f225373ef3a732869b057b2e
  tokenizers (0.7.0-aarch64-linux-musl) sha256=f8b38535be37a044d7b119a65b2966b09c5493fdfd6eaf850b0f3c4f37fd81fa
  tokenizers (0.7.0-arm64-darwin) sha256=a54883b2fe7ca83a9275284a30edeb12376a1fe1af6b9be6bf9693ef202eac82
  tokenizers (0.7.0-x86_64-linux) sha256=a795e5026ccf6f6340195789c48ff8c9c26462c75feb3b2971e26aef3118d842
  tokenizers (0.7.0-x86_64-linux-musl) sha256=c2409219bb97772ae3117671d62d5c021a5db9cf7212b3cf09a15a7cc8828989
  tsort (0.2.0) sha256=9650a793f6859a43b6641671278f79cfead60ac714148aabe4e3f0060480089f
  turbo-rails (2.0.23) sha256=ee0d90733aafff056cf51ff11e803d65e43cae258cc55f6492020ec1f9f9315f
  tzinfo (2.0.6) sha256=8daf828cc77bcf7d63b0e3bdb6caa47e2272dcfaf4fbfe46f8c3a9df087a829b
  unicode-display_width (3.3.0) sha256=4b7aa66a4b11db50f6f7e98411215cd0dd10eaecb665d36eec5bcacb3fa0b613
  unicode-emoji (4.3.0) sha256=11c02fa73290378c066bb0562cd4c87d8e1b706fbbe0059ca12746a4244de8ce
  uri (1.1.1) sha256=379fa58d27ffb1387eaada68c749d1426738bd0f654d812fcc07e7568f5c57c6
  useragent (0.16.11) sha256=700e6413ad4bb954bb63547fa098dddf7b0ebe75b40cc6f93b8d54255b173844
  web-console (4.3.0) sha256=e13b71301cdfc2093f155b5aa3a622db80b4672d1f2f713119cc7ec7ac6a6da4
  websocket (1.2.11) sha256=b7e7a74e2410b5e85c25858b26b3322f29161e300935f70a0e0d3c35e0462737
  websocket-driver (0.8.2) sha256=97c556b019bf3410b4961002ac501621e9322d3f8a7bc02161a09301cc4c4146
  websocket-extensions (0.1.5) sha256=1c6ba63092cda343eb53fc657110c71c754c56484aad42578495227d717a8241
  with_advisory_lock (7.6.0) sha256=638de2441fb1b50cc42752b80b74b4c0f3625fc68c7a8f24a0635ce5573b0336
  xpath (3.2.0) sha256=6dfda79d91bb3b949b947ecc5919f042ef2f399b904013eb3ef6d20dd3a4082e
  yaml (0.4.0) sha256=240e69d1e6ce3584d6085978719a0faa6218ae426e034d8f9b02fb54d3471942
  zeitwerk (2.8.3) sha256=2c85125a8467ce069e20123d1e709a08955c9d29c118c25b46b7b7fafdbb92e5

BUNDLED WITH
  4.0.22
